<?xml version="1.0" encoding="utf-8"?>
<Project ToolsVersion="4.0" xmlns="http://schemas.microsoft.com/developer/msbuild/2003">
  <ItemGroup>
    <Filter Include="Source Files">
      <UniqueIdentifier>{4FC737F1-C7A5-4376-A066-2A32D752A2FF}</UniqueIdentifier>
      <Extensions>cpp;c;cc;cxx;c++;cppm;ixx;def;odl;idl;hpj;bat;asm;asmx</Extensions>
    </Filter>
    <Filter Include="Header Files">
      <UniqueIdentifier>{93995380-89BD-4b04-88EB-625FBE52EBFB}</UniqueIdentifier>
      <Extensions>h;hh;hpp;hxx;h++;hm;inl;inc;ipp;xsd</Extensions>
    </Filter>
    <Filter Include="Resource Files">
      <UniqueIdentifier>{67DA6AB6-F800-4c08-8B7A-83BB121AAD01}</UniqueIdentifier>
      <Extensions>rc;ico;cur;bmp;dlg;rc2;rct;bin;rgs;gif;jpg;jpeg;jpe;resx;tiff;tif;png;wav;mfcribbon-ms</Extensions>
    </Filter>
    <Filter Include="Process">
      <UniqueIdentifier>{a18805df-4c61-4c30-90e7-30f4e5c54874}</UniqueIdentifier>
    </Filter>
    <Filter Include="DataHandler">
      <UniqueIdentifier>{bd001cd1-c848-4901-9df1-148c144846a8}</UniqueIdentifier>
    </Filter>
    <Filter Include="libgcrypt">
      <UniqueIdentifier>{16503283-40b8-44bf-a0a6-b62d55bbc35d}</UniqueIdentifier>
    </Filter>
    <Filter Include="libgcrypt\encryption">
      <UniqueIdentifier>{e0854dd7-743b-4607-863a-84b0326823e6}</UniqueIdentifier>
    </Filter>
    <Filter Include="libgcrypt\rsa">
      <UniqueIdentifier>{65ef38a4-36ea-46a4-8f47-50e4edd0df15}</UniqueIdentifier>
    </Filter>
    <Filter Include="libgcrypt\hmac">
      <UniqueIdentifier>{6d1acb20-d248-48da-97b5-37efe3a31ea1}</UniqueIdentifier>
    </Filter>
  </ItemGroup>
  <ItemGroup>
    <ClCompile Include="src\puttyping.c">
      <Filter>Source Files</Filter>
    </ClCompile>
    <ClCompile Include="src\process.c">
      <Filter>Process</Filter>
    </ClCompile>
    <ClCompile Include="src\dataHandler.c">
      <Filter>DataHandler</Filter>
    </ClCompile>
    <ClCompile Include="src\libgcrypt_crypto.c">
      <Filter>libgcrypt</Filter>
    </ClCompile>
    <ClCompile Include="src\util\encryption.c">
      <Filter>libgcrypt\encryption</Filter>
    </ClCompile>
    <ClCompile Include="src\util\hmac.c">
      <Filter>libgcrypt\hmac</Filter>
    </ClCompile>
    <ClCompile Include="src\util\rsa.c">
      <Filter>libgcrypt\rsa</Filter>
    </ClCompile>
  </ItemGroup>
  <ItemGroup>
    <None Include="Makefile" />
  </ItemGroup>
  <ItemGroup>
    <ClInclude Include="src\process.h">
      <Filter>Process</Filter>
    </ClInclude>
    <ClInclude Include="src\dataHandler.h">
      <Filter>DataHandler</Filter>
    </ClInclude>
    <ClInclude Include="src\libgcrypt_crypto.h">
      <Filter>libgcrypt</Filter>
    </ClInclude>
    <ClInclude Include="src\util\encryption.h">
      <Filter>libgcrypt\encryption</Filter>
    </ClInclude>
    <ClInclude Include="src\util\hmac.h">
      <Filter>libgcrypt\hmac</Filter>
    </ClInclude>
    <ClInclude Include="src\util\rsa.h">
      <Filter>libgcrypt\rsa</Filter>
    </ClInclude>
  </ItemGroup>
  <ItemGroup>
    <Text Include="texttesting.txt" />
  </ItemGroup>
</Project>